// !$*UTF8*$!
{
	archiveVersion = 1;
	classes = {
	};
	objectVersion = 50;
	objects = {

/* Begin PBXBuildFile section */
		7D852205256D8419003086A2 /* cellViewController.swift in Sources */ = {isa = PBXBuildFile; fileRef = 7D852204256D8418003086A2 /* cellViewController.swift */; };
		7D9DD12A256D5AC300E722EF /* AppDelegate.swift in Sources */ = {isa = PBXBuildFile; fileRef = 7D9DD129256D5AC300E722EF /* AppDelegate.swift */; };
		7D9DD12C256D5AC300E722EF /* SceneDelegate.swift in Sources */ = {isa = PBXBuildFile; fileRef = 7D9DD12B256D5AC300E722EF /* SceneDelegate.swift */; };
		7D9DD12E256D5AC300E722EF /* ViewController.swift in Sources */ = {isa = PBXBuildFile; fileRef = 7D9DD12D256D5AC300E722EF /* ViewController.swift */; };
		7D9DD131256D5AC300E722EF /* Main.storyboard in Resources */ = {isa = PBXBuildFile; fileRef = 7D9DD12F256D5AC300E722EF /* Main.storyboard */; };
		7D9DD133256D5ACD00E722EF /* Assets.xcassets in Resources */ = {isa = PBXBuildFile; fileRef = 7D9DD132256D5ACD00E722EF /* Assets.xcassets */; };
		7D9DD136256D5ACD00E722EF /* LaunchScreen.storyboard in Resources */ = {isa = PBXBuildFile; fileRef = 7D9DD134256D5ACD00E722EF /* LaunchScreen.storyboard */; };
		7D9DD142256D5BCC00E722EF /* Employee.swift in Sources */ = {isa = PBXBuildFile; fileRef = 7D9DD141256D5BCC00E722EF /* Employee.swift */; };
		7D9DD146256D5F0D00E722EF /* DataModelManager.swift in Sources */ = {isa = PBXBuildFile; fileRef = 7D9DD145256D5F0D00E722EF /* DataModelManager.swift */; };
/* End PBXBuildFile section */

/* Begin PBXFileReference section */
		7D852204256D8418003086A2 /* cellViewController.swift */ = {isa = PBXFileReference; lastKnownFileType = sourcecode.swift; path = cellViewController.swift; sourceTree = "<group>"; };
		7D9DD126256D5AC300E722EF /* EmployeeApi.app */ = {isa = PBXFileReference; explicitFileType = wrapper.application; includeInIndex = 0; path = EmployeeApi.app; sourceTree = BUILT_PRODUCTS_DIR; };
		7D9DD129256D5AC300E722EF /* AppDelegate.swift */ = {isa = PBXFileReference; lastKnownFileType = sourcecode.swift; path = AppDelegate.swift; sourceTree = "<group>"; };
		7D9DD12B256D5AC300E722EF /* SceneDelegate.swift */ = {isa = PBXFileReference; lastKnownFileType = sourcecode.swift; path = SceneDelegate.swift; sourceTree = "<group>"; };
		7D9DD12D256D5AC300E722EF /* ViewController.swift */ = {isa = PBXFileReference; lastKnownFileType = sourcecode.swift; path = ViewController.swift; sourceTree = "<group>"; };
		7D9DD130256D5AC300E722EF /* Base */ = {isa = PBXFileReference; lastKnownFileType = file.storyboard; name = Base; path = Base.lproj/Main.storyboard; sourceTree = "<group>"; };
		7D9DD132256D5ACD00E722EF /* Assets.xcassets */ = {isa = PBXFileReference; lastKnownFileType = folder.assetcatalog; path = Assets.xcassets; sourceTree = "<group>"; };
		7D9DD135256D5ACD00E722EF /* Base */ = {isa = PBXFileReference; lastKnownFileType = file.storyboard; name = Base; path = Base.lproj/LaunchScreen.storyboard; sourceTree = "<group>"; };
		7D9DD137256D5ACD00E722EF /* Info.plist */ = {isa = PBXFileReference; lastKnownFileType = text.plist.xml; path = Info.plist; sourceTree = "<group>"; };
		7D9DD141256D5BCC00E722EF /* Employee.swift */ = {isa = PBXFileReference; lastKnownFileType = sourcecode.swift; path = Employee.swift; sourceTree = "<group>"; };
		7D9DD145256D5F0D00E722EF /* DataModelManager.swift */ = {isa = PBXFileReference; lastKnownFileType = sourcecode.swift; path = DataModelManager.swift; sourceTree = "<group>"; };
/* End PBXFileReference section */

/* Begin PBXFrameworksBuildPhase section */
		7D9DD123256D5AC300E722EF /* Frameworks */ = {
			isa = PBXFrameworksBuildPhase;
			buildActionMask = 2147483647;
			files = (
			);
			runOnlyForDeploymentPostprocessing = 0;
		};
/* End PBXFrameworksBuildPhase section */

/* Begin PBXGroup section */
		7D9DD11D256D5AC300E722EF = {
			isa = PBXGroup;
			children = (
				7D9DD128256D5AC300E722EF /* EmployeeApi */,
				7D9DD127256D5AC300E722EF /* Products */,
			);
			sourceTree = "<group>";
		};
		7D9DD127256D5AC300E722EF /* Products */ = {
			isa = PBXGroup;
			children = (
				7D9DD126256D5AC300E722EF /* EmployeeApi.app */,
			);
			name = Products;
			sourceTree = "<group>";
		};
		7D9DD128256D5AC300E722EF /* EmployeeApi */ = {
			isa = PBXGroup;
			children = (
				7D9DD129256D5AC300E722EF /* AppDelegate.swift */,
				7D9DD12B256D5AC300E722EF /* SceneDelegate.swift */,
				7D9DD12D256D5AC300E722EF /* ViewController.swift */,
				7D9DD12F256D5AC300E722EF /* Main.storyboard */,
				7D9DD132256D5ACD00E722EF /* Assets.xcassets */,
				7D9DD134256D5ACD00E722EF /* LaunchScreen.storyboard */,
				7D9DD137256D5ACD00E722EF /* Info.plist */,
				7D9DD141256D5BCC00E722EF /* Employee.swift */,
				7D9DD145256D5F0D00E722EF /* DataModelManager.swift */,
				7D852204256D8418003086A2 /* cellViewController.swift */,
			);
			path = EmployeeApi;
			sourceTree = "<group>";
		};
/* End PBXGroup section */

/* Begin PBXNativeTarget section */
		7D9DD125256D5AC300E722EF /* EmployeeApi */ = {
			isa = PBXNativeTarget;
			buildConfigurationList = 7D9DD13A256D5ACD00E722EF /* Build configuration list for PBXNativeTarget "EmployeeApi" */;
			buildPhases = (
				7D9DD122256D5AC300E722EF /* Sources */,
				7D9DD123256D5AC300E722EF /* Frameworks */,
				7D9DD124256D5AC300E722EF /* Resources */,
			);
			buildRules = (
			);
			dependencies = (
			);
			name = EmployeeApi;
			productName = EmployeeApi;
			productReference = 7D9DD126256D5AC300E722EF /* EmployeeApi.app */;
			productType = "com.apple.product-type.application";
		};
/* End PBXNativeTarget section */

/* Begin PBXProject section */
		7D9DD11E256D5AC300E722EF /* Project object */ = {
			isa = PBXProject;
			attributes = {
				LastSwiftUpdateCheck = 1220;
				LastUpgradeCheck = 1220;
				TargetAttributes = {
					7D9DD125256D5AC300E722EF = {
						CreatedOnToolsVersion = 12.2;
					};
				};
			};
			buildConfigurationList = 7D9DD121256D5AC300E722EF /* Build configuration list for PBXProject "EmployeeApi" */;
			compatibilityVersion = "Xcode 9.3";
			developmentRegion = en;
			hasScannedForEncodings = 0;
			knownRegions = (
				en,
				Base,
			);
			mainGroup = 7D9DD11D256D5AC300E722EF;
			productRefGroup = 7D9DD127256D5AC300E722EF /* Products */;
			projectDirPath = "";
			projectRoot = "";
			targets = (
				7D9DD125256D5AC300E722EF /* EmployeeApi */,
			);
		};
/* End PBXProject section */

/* Begin PBXResourcesBuildPhase section */
		7D9DD124256D5AC300E722EF /* Resources */ = {
			isa = PBXResourcesBuildPhase;
			buildActionMask = 2147483647;
			files = (
				7D9DD136256D5ACD00E722EF /* LaunchScreen.storyboard in Resources */,
				7D9DD133256D5ACD00E722EF /* Assets.xcassets in Resources */,
				7D9DD131256D5AC300E722EF /* Main.storyboard in Resources */,
			);
			runOnlyForDeploymentPostprocessing = 0;
		};
/* End PBXResourcesBuildPhase section */

/* Begin PBXSourcesBuildPhase section */
		7D9DD122256D5AC300E722EF /* Sources */ = {
			isa = PBXSourcesBuildPhase;
			buildActionMask = 2147483647;
			files = (
				7D9DD12E256D5AC300E722EF /* ViewController.swift in Sources */,
				7D9DD146256D5F0D00E722EF /* DataModelManager.swift in Sources */,
				7D852205256D8419003086A2 /* cellViewController.swift in Sources */,
				7D9DD12A256D5AC300E722EF /* AppDelegate.swift in Sources */,
				7D9DD12C256D5AC300E722EF /* SceneDelegate.swift in Sources */,
				7D9DD142256D5BCC00E722EF /* Employee.swift in Sources */,
			);
			runOnlyForDeploymentPostprocessing = 0;
		};
/* End PBXSourcesBuildPhase section */

/* Begin PBXVariantGroup section */
		7D9DD12F256D5AC300E722EF /* Main.storyboard */ = {
			isa = PBXVariantGroup;
			children = (
				7D9DD130256D5AC300E722EF /* Base */,
			);
			name = Main.storyboard;
			sourceTree = "<group>";
		};
		7D9DD134256D5ACD00E722EF /* LaunchScreen.storyboard */ = {
			isa = PBXVariantGroup;
			children = (
				7D9DD135256D5ACD00E722EF /* Base */,
			);
			name = LaunchScreen.storyboard;
			sourceTree = "<group>";
		};
/* End PBXVariantGroup section */

/* Begin XCBuildConfiguration section */
		7D9DD138256D5ACD00E722EF /* Debug */ = {
			isa = XCBuildConfiguration;
			buildSettings = {
				ALWAYS_SEARCH_USER_PATHS = NO;
				CLANG_ANALYZER_NONNULL = YES;
				CLANG_ANALYZER_NUMBER_OBJECT_CONVERSION = YES_AGGRESSIVE;
				CLANG_CXX_LANGUAGE_STANDARD = "gnu++14";
				CLANG_CXX_LIBRARY = "libc++";
				CLANG_ENABLE_MODULES = YES;
				CLANG_ENABLE_OBJC_ARC = YES;
				CLANG_ENABLE_OBJC_WEAK = YES;
				CLANG_WARN_BLOCK_CAPTURE_AUTORELEASING = YES;
				CLANG_WARN_BOOL_CONVERSION = YES;
				CLANG_WARN_COMMA = YES;
				CLANG_WARN_CONSTANT_CONVERSION = YES;
				CLANG_WARN_DEPRECATED_OBJC_IMPLEMENTATIONS = YES;
				CLANG_WARN_DIRECT_OBJC_ISA_USAGE = YES_ERROR;
				CLANG_WARN_DOCUMENTATION_COMMENTS = YES;
				CLANG_WARN_EMPTY_BODY = YES;
				CLANG_WARN_ENUM_CONVERSION = YES;
				CLANG_WARN_INFINITE_RECURSION = YES;
				CLANG_WARN_INT_CONVERSION = YES;
				CLANG_WARN_NON_LITERAL_NULL_CONVERSION = YES;
				CLANG_WARN_OBJC_IMPLICIT_RETAIN_SELF = YES;
				CLANG_WARN_OBJC_LITERAL_CONVERSION = YES;
				CLANG_WARN_OBJC_ROOT_CLASS = YES_ERROR;
				CLANG_WARN_QUOTED_INCLUDE_IN_FRAMEWORK_HEADER = YES;
				CLANG_WARN_RANGE_LOOP_ANALYSIS = YES;
				CLANG_WARN_STRICT_PROTOTYPES = YES;
				CLANG_WARN_SUSPICIOUS_MOVE = YES;
				CLANG_WARN_UNGUARDED_AVAILABILITY = YES_AGGRESSIVE;
				CLANG_WARN_UNREACHABLE_CODE = YES;
				CLANG_WARN__DUPLICATE_METHOD_MATCH = YES;
				COPY_PHASE_STRIP = NO;
				DEBUG_INFORMATION_FORMAT = dwarf;
				ENABLE_STRICT_OBJC_MSGSEND = YES;
				ENABLE_TESTABILITY = YES;
				GCC_C_LANGUAGE_STANDARD = gnu11;
				GCC_DYNAMIC_NO_PIC = NO;
				GCC_NO_COMMON_BLOCKS = YES;
				GCC_OPTIMIZATION_LEVEL = 0;
				GCC_PREPROCESSOR_DEFINITIONS = (
					"DEBUG=1",
					"$(inherited)",
				);
				GCC_WARN_64_TO_32_BIT_CONVERSION = YES;
				GCC_WARN_ABOUT_RETURN_TYPE = YES_ERROR;
				GCC_WARN_UNDECLARED_SELECTOR = YES;
				GCC_WARN_UNINITIALIZED_AUTOS = YES_AGGRESSIVE;
				GCC_WARN_UNUSED_FUNCTION = YES;
				GCC_WARN_UNUSED_VARIABLE = YES;
				IPHONEOS_DEPLOYMENT_TARGET = 14.2;
				MTL_ENABLE_DEBUG_INFO = INCLUDE_SOURCE;
				MTL_FAST_MATH = YES;
				ONLY_ACTIVE_ARCH = YES;
				SDKROOT = iphoneos;
				SWIFT_ACTIVE_COMPILATION_CONDITIONS = DEBUG;
				SWIFT_OPTIMIZATION_LEVEL = "-Onone";
			};
			name = Debug;
		};
		7D9DD139256D5ACD00E722EF /* Release */ = {
			isa = XCBuildConfiguration;
			buildSettings = {
				ALWAYS_SEARCH_USER_PATHS = NO;
				CLANG_ANALYZER_NONNULL = YES;
				CLANG_ANALYZER_NUMBER_OBJECT_CONVERSION = YES_AGGRESSIVE;
				CLANG_CXX_LANGUAGE_STANDARD = "gnu++14";
				CLANG_CXX_LIBRARY = "libc++";
				CLANG_ENABLE_MODULES = YES;
				CLANG_ENABLE_OBJC_ARC = YES;
				CLANG_ENABLE_OBJC_WEAK = YES;
				CLANG_WARN_BLOCK_CAPTURE_AUTORELEASING = YES;
				CLANG_WARN_BOOL_CONVERSION = YES;
				CLANG_WARN_COMMA = YES;
				CLANG_WARN_CONSTANT_CONVERSION = YES;
				CLANG_WARN_DEPRECATED_OBJC_IMPLEMENTATIONS = YES;
				CLANG_WARN_DIRECT_OBJC_ISA_USAGE = YES_ERROR;
				CLANG_WARN_DOCUMENTATION_COMMENTS = YES;
				CLANG_WARN_EMPTY_BODY = YES;
				CLANG_WARN_ENUM_CONVERSION = YES;
				CLANG_WARN_INFINITE_RECURSION = YES;
				CLANG_WARN_INT_CONVERSION = YES;
				CLANG_WARN_NON_LITERAL_NULL_CONVERSION = YES;
				CLANG_WARN_OBJC_IMPLICIT_RETAIN_SELF = YES;
				CLANG_WARN_OBJC_LITERAL_CONVERSION = YES;
				CLANG_WARN_OBJC_ROOT_CLASS = YES_ERROR;
				CLANG_WARN_QUOTED_INCLUDE_IN_FRAMEWORK_HEADER = YES;
				CLANG_WARN_RANGE_LOOP_ANALYSIS = YES;
				CLANG_WARN_STRICT_PROTOTYPES = YES;
				CLANG_WARN_SUSPICIOUS_MOVE = YES;
				CLANG_WARN_UNGUARDED_AVAILABILITY = YES_AGGRESSIVE;
				CLANG_WARN_UNREACHABLE_CODE = YES;
				CLANG_WARN__DUPLICATE_METHOD_MATCH = YES;
				COPY_PHASE_STRIP = NO;
				DEBUG_INFORMATION_FORMAT = "dwarf-with-dsym";
				ENABLE_NS_ASSERTIONS = NO;
				ENABLE_STRICT_OBJC_MSGSEND = YES;
				GCC_C_LANGUAGE_STANDARD = gnu11;
				GCC_NO_COMMON_BLOCKS = YES;
				GCC_WARN_64_TO_32_BIT_CONVERSION = YES;
				GCC_WARN_ABOUT_RETURN_TYPE = YES_ERROR;
				GCC_WARN_UNDECLARED_SELECTOR = YES;
				GCC_WARN_UNINITIALIZED_AUTOS = YES_AGGRESSIVE;
				GCC_WARN_UNUSED_FUNCTION = YES;
				GCC_WARN_UNUSED_VARIABLE = YES;
				IPHONEOS_DEPLOYMENT_TARGET = 14.2;
				MTL_ENABLE_DEBUG_INFO = NO;
				MTL_FAST_MATH = YES;
				SDKROOT = iphoneos;
				SWIFT_COMPILATION_MODE = wholemodule;
				SWIFT_OPTIMIZATION_LEVEL = "-O";
				VALIDATE_PRODUCT = YES;
			};
			name = Release;
		};
		7D9DD13B256D5ACD00E722EF /* Debug */ = {
			isa = XCBuildConfiguration;
			buildSettings = {
				ASSETCATALOG_COMPILER_APPICON_NAME = AppIcon;
				ASSETCATALOG_COMPILER_GLOBAL_ACCENT_COLOR_NAME = AccentColor;
				CODE_SIGN_STYLE = Automatic;
				DEVELOPMENT_TEAM = 7SN8JSSJ3Q;
				INFOPLIST_FILE = EmployeeApi/Info.plist;
				LD_RUNPATH_SEARCH_PATHS = (
					"$(inherited)",
					"@executable_path/Frameworks",
				);
				PRODUCT_BUNDLE_IDENTIFIER = seneca.EmployeeApi;
				PRODUCT_NAME = "$(TARGET_NAME)";
				SWIFT_VERSION = 5.0;
				TARGETED_DEVICE_FAMILY = "1,2";
			};
			name = Debug;
		};
		7D9DD13C256D5ACD00E722EF /* Release */ = {
			isa = XCBuildConfiguration;
			buildSettings = {
				ASSETCATALOG_COMPILER_APPICON_NAME = AppIcon;
				ASSETCATALOG_COMPILER_GLOBAL_ACCENT_COLOR_NAME = AccentColor;
				CODE_SIGN_STYLE = Automatic;
				DEVELOPMENT_TEAM = 7SN8JSSJ3Q;
				INFOPLIST_FILE = EmployeeApi/Info.plist;
				LD_RUNPATH_SEARCH_PATHS = (
					"$(inherited)",
					"@executable_path/Frameworks",
				);
				PRODUCT_BUNDLE_IDENTIFIER = seneca.EmployeeApi;
				PRODUCT_NAME = "$(TARGET_NAME)";
				SWIFT_VERSION = 5.0;
				TARGETED_DEVICE_FAMILY = "1,2";
			};
			name = Release;
		};
/* End XCBuildConfiguration section */

/* Begin XCConfigurationList section */
		7D9DD121256D5AC300E722EF /* Build configuration list for PBXProject "EmployeeApi" */ = {
			isa = XCConfigurationList;
			buildConfigurations = (
				7D9DD138256D5ACD00E722EF /* Debug */,
				7D9DD139256D5ACD00E722EF /* Release */,
			);
			defaultConfigurationIsVisible = 0;
			defaultConfigurationName = Release;
		};
		7D9DD13A256D5ACD00E722EF /* Build configuration list for PBXNativeTarget "EmployeeApi" */ = {
			isa = XCConfigurationList;
			buildConfigurations = (
				7D9DD13B256D5ACD00E722EF /* Debug */,
				7D9DD13C256D5ACD00E722EF /* Release */,
			);
			defaultConfigurationIsVisible = 0;
			defaultConfigurationName = Release;
		};
/* End XCConfigurationList section */
	};
	rootObject = 7D9DD11E256D5AC300E722EF /* Project object */;
}
